schema: '2.0'
stages:
  feature_extraction:
    cmd: python -m src.components.feature_extraction
    deps:
    - path: src/components/feature_extraction.py
      hash: md5
      md5: c4458edfd0a6b42a3dde3bc23e87b569
      size: 3422
    outs:
    - path: data/interim/features.csv
      hash: md5
      md5: 2d191f5c2ba44a422f240d9d61df09b6
      size: 267065
  data_preprocessing:
    cmd: python -m src.components.data_preprocessing
    deps:
    - path: data/interim/features.csv
      hash: md5
      md5: 2d191f5c2ba44a422f240d9d61df09b6
      size: 267065
    - path: src/components/data_preprocessing.py
      hash: md5
      md5: 22de6e189cfe4c73939890656032337d
      size: 3593
    outs:
    - path: data/preprocessed
      hash: md5
      md5: 68a34a4c11a86702bc612b9368b404c4.dir
      size: 276739
      nfiles: 2
  model_training:
    cmd: python -m src.pipeline.training_pipeline
    deps:
    - path: data/preprocessed/test_data.csv
      hash: md5
      md5: d45c0d4ded6704752d3cfebf2109ab34
      size: 55541
    - path: data/preprocessed/train_data.csv
      hash: md5
      md5: 27130692ef924fb37ef60fe6e53d63e3
      size: 221198
    - path: params.yaml
      hash: md5
      md5: 4adb1fab8466436c17cc7635c3e8fc36
      size: 145
    - path: src/pipeline/training_pipeline.py
      hash: md5
      md5: 6f8704953328c63d30efcd0e0d95417d
      size: 2913
    outs:
    - path: models/model.joblib
      hash: md5
      md5: e54c3030c7902945393248d6b4c41708
      size: 1663
    - path: reports/metrics.yaml
      hash: md5
      md5: 28c6ba13c8a662faffd0f1867a678720
      size: 71
  model_evaluation:
    cmd: python -m src.components.model_evaluation
    deps:
    - path: models/model.joblib
      hash: md5
      md5: 32166ea70145c3b1a0282746c57b2c09
      size: 1663
    - path: src/components/model_evaluation.py
      hash: md5
      md5: 2f483fbcd022058a0cff8a29ae0e0274
      size: 2287
    outs:
    - path: reports/metrics.yaml
      hash: md5
      md5: b2de0ae0e7f59a9755403005376d4506
      size: 69
  mlflow_logging:
    cmd: python -m src.pipeline.training_pipeline
    deps:
    - path: models/model.joblib
      hash: md5
      md5: eae13f66791b43d470b9b514e5f85e74
      size: 1663
    - path: reports/metrics.yaml
      hash: md5
      md5: 5e0e5a8c9f009c1ee60eab2ece2d56c3
      size: 67
    - path: src/pipeline/training_pipeline.py
      hash: md5
      md5: 8fd675ad082b8a8c3ed16333ea6dc20f
      size: 3694
  data_augmentation:
    cmd: python -m src.components.data_augmentation
    deps:
    - path: data/raw
      hash: md5
      md5: fa5055fd03d2f1fa5e65f292727a6239.dir
      size: 407502174
      nfiles: 233
    - path: src/components/data_augmentation.py
      hash: md5
      md5: e0c85ad4d26084073a2a3c7e55975a5a
      size: 3082
    outs:
    - path: data/augmented_data/augmented_data.csv
      hash: md5
      md5: 98dd1676494c99d9efa377dbe0a82b50
      size: 4362172872
