schema: '2.0'
stages:
  feature_extraction:
    cmd: python -m src.components.feature_extraction
    deps:
    - path: src/components/feature_extraction.py
      hash: md5
      md5: 5e888b2dbe69d7ae8bc6d6bc04bd67aa
      size: 4247
    outs:
    - path: data/interim/features.csv
      hash: md5
      md5: 9687fe7b71e35d0f8ed59d5b03a4a5a6
      size: 34466
  data_preprocessing:
    cmd: python -m src.components.data_preprocessing
    deps:
    - path: data/interim/features.csv
      hash: md5
      md5: 9687fe7b71e35d0f8ed59d5b03a4a5a6
      size: 34466
    - path: src/components/data_preprocessing.py
      hash: md5
      md5: 8ced3f7d6862ddb5f6f2262b90ed05e1
      size: 3249
    outs:
    - path: data/preprocessed
      hash: md5
      md5: 2b9fbb21144c4d95ecca3511da7e004a.dir
      size: 58803
      nfiles: 2
  model_training:
    cmd: python -m src.components.model_training
    deps:
    - path: data/preprocessed
      hash: md5
      md5: 2b9fbb21144c4d95ecca3511da7e004a.dir
      size: 58803
      nfiles: 2
    - path: src/components/model_training.py
      hash: md5
      md5: 9e7179bbca5e84cb58b8cf4a2ec87a11
      size: 2345
    outs:
    - path: models/model.joblib
      hash: md5
      md5: 32166ea70145c3b1a0282746c57b2c09
      size: 1663
  model_evaluation:
    cmd: python -m src.components.model_evaluation
    deps:
    - path: models/model.joblib
      hash: md5
      md5: 32166ea70145c3b1a0282746c57b2c09
      size: 1663
    - path: src/components/model_evaluation.py
      hash: md5
      md5: 2f483fbcd022058a0cff8a29ae0e0274
      size: 2287
    outs:
    - path: reports/metrics.yaml
      hash: md5
      md5: b2de0ae0e7f59a9755403005376d4506
      size: 69
